dependencies:
- name: postgresql
  repository: https://charts.bitnami.com/bitnami
  version: 12.12.10
- name: kube-prometheus-stack
  repository: https://prometheus-community.github.io/helm-charts
  version: 55.6.0
- name: openebs
  repository: https://openebs.github.io/openebs
  version: 4.5.0-develop
- name: testkube
  repository: https://kubeshop.github.io/helm-charts
  version: 1.10.1
digest: sha256:401c15dda81755cbeb9616dbb45874d945c4fd9f455e1fbf0c92943a746bb6a9
generated: "2026-04-02T11:56:56.342279-07:00"
